
Microsoft Visual Studio Solution File, Format Version 11.00
# Visual Studio 2010
Project("{FAE04EC0-301F-11D3-BF4B-00C04F79EFBC}") = "UnityEngine.TestRunner", "UnityEngine.TestRunner.csproj", "{fc78f208-7fa8-0d0f-8180-bc0e55fe6a5a}"
EndProject
Project("{FAE04EC0-301F-11D3-BF4B-00C04F79EFBC}") = "Unity.Mathematics", "Unity.Mathematics.csproj", "{acdf0d5c-9dce-2f4c-dab1-7637e4a5d7a0}"
EndProject
Project("{FAE04EC0-301F-11D3-BF4B-00C04F79EFBC}") = "Unity.2D.Animation.Triangle.Runtime", "Unity.2D.Animation.Triangle.Runtime.csproj", "{1fd16703-a41d-a2d2-53df-1462f096155e}"
EndProject
Project("{FAE04EC0-301F-11D3-BF4B-00C04F79EFBC}") = "UniTask", "UniTask.csproj", "{adb2667a-ba82-c397-4721-ea37b6811f91}"
EndProject
Project("{FAE04EC0-301F-11D3-BF4B-00C04F79EFBC}") = "UniRx", "UniRx.csproj", "{2a840737-5fce-c1f9-7b3f-ba31514f74f6}"
EndProject
Project("{FAE04EC0-301F-11D3-BF4B-00C04F79EFBC}") = "Unity.Timeline", "Unity.Timeline.csproj", "{015c5720-89f3-fe16-d092-2ef9e499dc4e}"
EndProject
Project("{FAE04EC0-301F-11D3-BF4B-00C04F79EFBC}") = "Assembly-CSharp", "Assembly-CSharp.csproj", "{0ad4c06d-2397-2767-a5af-2c5be0a2ce06}"
EndProject
Project("{FAE04EC0-301F-11D3-BF4B-00C04F79EFBC}") = "UniTask.Linq", "UniTask.Linq.csproj", "{46baea4c-bda4-b142-0a8a-09c9ad70c6fb}"
EndProject
Project("{FAE04EC0-301F-11D3-BF4B-00C04F79EFBC}") = "Unity.TextMeshPro", "Unity.TextMeshPro.csproj", "{fe013fb0-a8ae-b06e-5547-9dd7ed35a3e5}"
EndProject
Project("{FAE04EC0-301F-11D3-BF4B-00C04F79EFBC}") = "Unity.2D.Animation.Runtime", "Unity.2D.Animation.Runtime.csproj", "{27ac7e66-9eb3-0307-33cd-c987572257c3}"
EndProject
Project("{FAE04EC0-301F-11D3-BF4B-00C04F79EFBC}") = "Unity.2D.IK.Runtime", "Unity.2D.IK.Runtime.csproj", "{8f255168-f20d-106b-93b1-dc7e86af38bf}"
EndProject
Project("{FAE04EC0-301F-11D3-BF4B-00C04F79EFBC}") = "Unity.2D.SpriteShape.Runtime", "Unity.2D.SpriteShape.Runtime.csproj", "{f8ae5197-72dd-ea3a-805c-878b78ded142}"
EndProject
Project("{FAE04EC0-301F-11D3-BF4B-00C04F79EFBC}") = "UniTask.DOTween", "UniTask.DOTween.csproj", "{927ba73f-4722-e276-315c-23a7a964d066}"
EndProject
Project("{FAE04EC0-301F-11D3-BF4B-00C04F79EFBC}") = "Unity.2D.PixelPerfect", "Unity.2D.PixelPerfect.csproj", "{47c52477-bec1-8444-2b51-cd79fb402ad3}"
EndProject
Project("{FAE04EC0-301F-11D3-BF4B-00C04F79EFBC}") = "UniRx.Examples", "UniRx.Examples.csproj", "{20168932-e644-c98a-8324-1ee2e1b0117d}"
EndProject
Project("{FAE04EC0-301F-11D3-BF4B-00C04F79EFBC}") = "Assembly-CSharp-firstpass", "Assembly-CSharp-firstpass.csproj", "{aa6944fa-181d-0da7-2bb6-61f076a40e5e}"
EndProject
Project("{FAE04EC0-301F-11D3-BF4B-00C04F79EFBC}") = "Unity.2D.Common.Runtime", "Unity.2D.Common.Runtime.csproj", "{7d4ea5f6-be37-340c-912d-7228a0ede08c}"
EndProject
Project("{FAE04EC0-301F-11D3-BF4B-00C04F79EFBC}") = "UniTask.TextMeshPro", "UniTask.TextMeshPro.csproj", "{46570f38-7aa2-94db-cb65-c55fb0cfeb65}"
EndProject
Project("{FAE04EC0-301F-11D3-BF4B-00C04F79EFBC}") = "Unity.InternalAPIEngineBridge.001", "Unity.InternalAPIEngineBridge.001.csproj", "{ec91b1b8-713c-5611-a31b-de222f314335}"
EndProject
Project("{FAE04EC0-301F-11D3-BF4B-00C04F79EFBC}") = "UniTask.Addressables", "UniTask.Addressables.csproj", "{e94a338a-babe-e77e-64f4-acf283f804c8}"
EndProject
Project("{FAE04EC0-301F-11D3-BF4B-00C04F79EFBC}") = "Unity.2D.Animation.Editor", "Unity.2D.Animation.Editor.csproj", "{8491d5a2-25d1-25be-a7da-00644d9fda36}"
EndProject
Project("{FAE04EC0-301F-11D3-BF4B-00C04F79EFBC}") = "UnityEditor.TestRunner", "UnityEditor.TestRunner.csproj", "{c1aae4ee-2dd6-5707-c663-f44d4d75fe40}"
EndProject
Project("{FAE04EC0-301F-11D3-BF4B-00C04F79EFBC}") = "Unity.PlasticSCM.Editor", "Unity.PlasticSCM.Editor.csproj", "{d59b41c2-29d7-f2a5-3425-1057973cc75a}"
EndProject
Project("{FAE04EC0-301F-11D3-BF4B-00C04F79EFBC}") = "Unity.Timeline.Editor", "Unity.Timeline.Editor.csproj", "{303a0bb7-73cd-3281-f9cc-92255a774e0f}"
EndProject
Project("{FAE04EC0-301F-11D3-BF4B-00C04F79EFBC}") = "Unity.VisualStudio.Editor", "Unity.VisualStudio.Editor.csproj", "{c2496240-2165-53bc-fb67-cc7add658a81}"
EndProject
Project("{FAE04EC0-301F-11D3-BF4B-00C04F79EFBC}") = "Unity.2D.Psdimporter.Editor", "Unity.2D.Psdimporter.Editor.csproj", "{25efc928-1863-596e-3095-9f5491dd0639}"
EndProject
Project("{FAE04EC0-301F-11D3-BF4B-00C04F79EFBC}") = "Unity.TextMeshPro.Editor", "Unity.TextMeshPro.Editor.csproj", "{9daeafea-bbac-61b5-12ea-2fbaa8e469a8}"
EndProject
Project("{FAE04EC0-301F-11D3-BF4B-00C04F79EFBC}") = "Unity.2D.SpriteShape.Editor", "Unity.2D.SpriteShape.Editor.csproj", "{f8c279ed-6106-c098-7a69-0c50156a18a3}"
EndProject
Project("{FAE04EC0-301F-11D3-BF4B-00C04F79EFBC}") = "Unity.CollabProxy.Editor", "Unity.CollabProxy.Editor.csproj", "{a138d752-9412-bfbd-2a90-03d09307bdb4}"
EndProject
Project("{FAE04EC0-301F-11D3-BF4B-00C04F79EFBC}") = "PsdPlugin", "PsdPlugin.csproj", "{b2026dff-4975-a575-e90c-419f3e4a3f85}"
EndProject
Project("{FAE04EC0-301F-11D3-BF4B-00C04F79EFBC}") = "Unity.2D.Path.Editor", "Unity.2D.Path.Editor.csproj", "{34259c0e-6082-c78c-f0e2-3900610fd907}"
EndProject
Project("{FAE04EC0-301F-11D3-BF4B-00C04F79EFBC}") = "Unity.Rider.Editor", "Unity.Rider.Editor.csproj", "{980f8717-51e5-5ebf-982b-a4d08e86b069}"
EndProject
Project("{FAE04EC0-301F-11D3-BF4B-00C04F79EFBC}") = "Unity.2D.IK.Editor", "Unity.2D.IK.Editor.csproj", "{18f8cf4a-6817-1002-d9ab-fd386912c0d0}"
EndProject
Project("{FAE04EC0-301F-11D3-BF4B-00C04F79EFBC}") = "Unity.2D.PixelPerfect.Editor", "Unity.2D.PixelPerfect.Editor.csproj", "{946e9ff6-9901-1f08-511d-2f4d1e951e53}"
EndProject
Project("{FAE04EC0-301F-11D3-BF4B-00C04F79EFBC}") = "Unity.VSCode.Editor", "Unity.VSCode.Editor.csproj", "{b045ee02-68a4-f2d7-72bd-5434f9f52e26}"
EndProject
Project("{FAE04EC0-301F-11D3-BF4B-00C04F79EFBC}") = "Unity.2D.Common.Editor", "Unity.2D.Common.Editor.csproj", "{52c96922-d154-a5ec-09bc-da1a9793a2c3}"
EndProject
Project("{FAE04EC0-301F-11D3-BF4B-00C04F79EFBC}") = "UniTask.Editor", "UniTask.Editor.csproj", "{41ece80f-12c0-9f2b-ca49-37fb852a59c4}"
EndProject
Project("{FAE04EC0-301F-11D3-BF4B-00C04F79EFBC}") = "Unity.Mathematics.Editor", "Unity.Mathematics.Editor.csproj", "{bbab6d13-1004-62d9-6dde-f5eb112be743}"
EndProject
Project("{FAE04EC0-301F-11D3-BF4B-00C04F79EFBC}") = "Unity.InternalAPIEditorBridge.001", "Unity.InternalAPIEditorBridge.001.csproj", "{83ac4d8c-7eeb-e738-a853-c41460708036}"
EndProject
Global
	GlobalSection(SolutionConfigurationPlatforms) = preSolution
		Debug|Any CPU = Debug|Any CPU
		Release|Any CPU = Release|Any CPU
	EndGlobalSection
	GlobalSection(ProjectConfigurationPlatforms) = postSolution
		{fc78f208-7fa8-0d0f-8180-bc0e55fe6a5a}.Debug|Any CPU.ActiveCfg = Debug|Any CPU
		{fc78f208-7fa8-0d0f-8180-bc0e55fe6a5a}.Debug|Any CPU.Build.0 = Debug|Any CPU
		{fc78f208-7fa8-0d0f-8180-bc0e55fe6a5a}.Release|Any CPU.ActiveCfg = Release|Any CPU
		{fc78f208-7fa8-0d0f-8180-bc0e55fe6a5a}.Release|Any CPU.Build.0 = Release|Any CPU
		{acdf0d5c-9dce-2f4c-dab1-7637e4a5d7a0}.Debug|Any CPU.ActiveCfg = Debug|Any CPU
		{acdf0d5c-9dce-2f4c-dab1-7637e4a5d7a0}.Debug|Any CPU.Build.0 = Debug|Any CPU
		{acdf0d5c-9dce-2f4c-dab1-7637e4a5d7a0}.Release|Any CPU.ActiveCfg = Release|Any CPU
		{acdf0d5c-9dce-2f4c-dab1-7637e4a5d7a0}.Release|Any CPU.Build.0 = Release|Any CPU
		{1fd16703-a41d-a2d2-53df-1462f096155e}.Debug|Any CPU.ActiveCfg = Debug|Any CPU
		{1fd16703-a41d-a2d2-53df-1462f096155e}.Debug|Any CPU.Build.0 = Debug|Any CPU
		{1fd16703-a41d-a2d2-53df-1462f096155e}.Release|Any CPU.ActiveCfg = Release|Any CPU
		{1fd16703-a41d-a2d2-53df-1462f096155e}.Release|Any CPU.Build.0 = Release|Any CPU
		{adb2667a-ba82-c397-4721-ea37b6811f91}.Debug|Any CPU.ActiveCfg = Debug|Any CPU
		{adb2667a-ba82-c397-4721-ea37b6811f91}.Debug|Any CPU.Build.0 = Debug|Any CPU
		{adb2667a-ba82-c397-4721-ea37b6811f91}.Release|Any CPU.ActiveCfg = Release|Any CPU
		{adb2667a-ba82-c397-4721-ea37b6811f91}.Release|Any CPU.Build.0 = Release|Any CPU
		{2a840737-5fce-c1f9-7b3f-ba31514f74f6}.Debug|Any CPU.ActiveCfg = Debug|Any CPU
		{2a840737-5fce-c1f9-7b3f-ba31514f74f6}.Debug|Any CPU.Build.0 = Debug|Any CPU
		{2a840737-5fce-c1f9-7b3f-ba31514f74f6}.Release|Any CPU.ActiveCfg = Release|Any CPU
		{2a840737-5fce-c1f9-7b3f-ba31514f74f6}.Release|Any CPU.Build.0 = Release|Any CPU
		{015c5720-89f3-fe16-d092-2ef9e499dc4e}.Debug|Any CPU.ActiveCfg = Debug|Any CPU
		{015c5720-89f3-fe16-d092-2ef9e499dc4e}.Debug|Any CPU.Build.0 = Debug|Any CPU
		{015c5720-89f3-fe16-d092-2ef9e499dc4e}.Release|Any CPU.ActiveCfg = Release|Any CPU
		{015c5720-89f3-fe16-d092-2ef9e499dc4e}.Release|Any CPU.Build.0 = Release|Any CPU
		{0ad4c06d-2397-2767-a5af-2c5be0a2ce06}.Debug|Any CPU.ActiveCfg = Debug|Any CPU
		{0ad4c06d-2397-2767-a5af-2c5be0a2ce06}.Debug|Any CPU.Build.0 = Debug|Any CPU
		{0ad4c06d-2397-2767-a5af-2c5be0a2ce06}.Release|Any CPU.ActiveCfg = Release|Any CPU
		{0ad4c06d-2397-2767-a5af-2c5be0a2ce06}.Release|Any CPU.Build.0 = Release|Any CPU
		{46baea4c-bda4-b142-0a8a-09c9ad70c6fb}.Debug|Any CPU.ActiveCfg = Debug|Any CPU
		{46baea4c-bda4-b142-0a8a-09c9ad70c6fb}.Debug|Any CPU.Build.0 = Debug|Any CPU
		{46baea4c-bda4-b142-0a8a-09c9ad70c6fb}.Release|Any CPU.ActiveCfg = Release|Any CPU
		{46baea4c-bda4-b142-0a8a-09c9ad70c6fb}.Release|Any CPU.Build.0 = Release|Any CPU
		{fe013fb0-a8ae-b06e-5547-9dd7ed35a3e5}.Debug|Any CPU.ActiveCfg = Debug|Any CPU
		{fe013fb0-a8ae-b06e-5547-9dd7ed35a3e5}.Debug|Any CPU.Build.0 = Debug|Any CPU
		{fe013fb0-a8ae-b06e-5547-9dd7ed35a3e5}.Release|Any CPU.ActiveCfg = Release|Any CPU
		{fe013fb0-a8ae-b06e-5547-9dd7ed35a3e5}.Release|Any CPU.Build.0 = Release|Any CPU
		{27ac7e66-9eb3-0307-33cd-c987572257c3}.Debug|Any CPU.ActiveCfg = Debug|Any CPU
		{27ac7e66-9eb3-0307-33cd-c987572257c3}.Debug|Any CPU.Build.0 = Debug|Any CPU
		{27ac7e66-9eb3-0307-33cd-c987572257c3}.Release|Any CPU.ActiveCfg = Release|Any CPU
		{27ac7e66-9eb3-0307-33cd-c987572257c3}.Release|Any CPU.Build.0 = Release|Any CPU
		{8f255168-f20d-106b-93b1-dc7e86af38bf}.Debug|Any CPU.ActiveCfg = Debug|Any CPU
		{8f255168-f20d-106b-93b1-dc7e86af38bf}.Debug|Any CPU.Build.0 = Debug|Any CPU
		{8f255168-f20d-106b-93b1-dc7e86af38bf}.Release|Any CPU.ActiveCfg = Release|Any CPU
		{8f255168-f20d-106b-93b1-dc7e86af38bf}.Release|Any CPU.Build.0 = Release|Any CPU
		{f8ae5197-72dd-ea3a-805c-878b78ded142}.Debug|Any CPU.ActiveCfg = Debug|Any CPU
		{f8ae5197-72dd-ea3a-805c-878b78ded142}.Debug|Any CPU.Build.0 = Debug|Any CPU
		{f8ae5197-72dd-ea3a-805c-878b78ded142}.Release|Any CPU.ActiveCfg = Release|Any CPU
		{f8ae5197-72dd-ea3a-805c-878b78ded142}.Release|Any CPU.Build.0 = Release|Any CPU
		{927ba73f-4722-e276-315c-23a7a964d066}.Debug|Any CPU.ActiveCfg = Debug|Any CPU
		{927ba73f-4722-e276-315c-23a7a964d066}.Debug|Any CPU.Build.0 = Debug|Any CPU
		{927ba73f-4722-e276-315c-23a7a964d066}.Release|Any CPU.ActiveCfg = Release|Any CPU
		{927ba73f-4722-e276-315c-23a7a964d066}.Release|Any CPU.Build.0 = Release|Any CPU
		{47c52477-bec1-8444-2b51-cd79fb402ad3}.Debug|Any CPU.ActiveCfg = Debug|Any CPU
		{47c52477-bec1-8444-2b51-cd79fb402ad3}.Debug|Any CPU.Build.0 = Debug|Any CPU
		{47c52477-bec1-8444-2b51-cd79fb402ad3}.Release|Any CPU.ActiveCfg = Release|Any CPU
		{47c52477-bec1-8444-2b51-cd79fb402ad3}.Release|Any CPU.Build.0 = Release|Any CPU
		{20168932-e644-c98a-8324-1ee2e1b0117d}.Debug|Any CPU.ActiveCfg = Debug|Any CPU
		{20168932-e644-c98a-8324-1ee2e1b0117d}.Debug|Any CPU.Build.0 = Debug|Any CPU
		{20168932-e644-c98a-8324-1ee2e1b0117d}.Release|Any CPU.ActiveCfg = Release|Any CPU
		{20168932-e644-c98a-8324-1ee2e1b0117d}.Release|Any CPU.Build.0 = Release|Any CPU
		{aa6944fa-181d-0da7-2bb6-61f076a40e5e}.Debug|Any CPU.ActiveCfg = Debug|Any CPU
		{aa6944fa-181d-0da7-2bb6-61f076a40e5e}.Debug|Any CPU.Build.0 = Debug|Any CPU
		{aa6944fa-181d-0da7-2bb6-61f076a40e5e}.Release|Any CPU.ActiveCfg = Release|Any CPU
		{aa6944fa-181d-0da7-2bb6-61f076a40e5e}.Release|Any CPU.Build.0 = Release|Any CPU
		{7d4ea5f6-be37-340c-912d-7228a0ede08c}.Debug|Any CPU.ActiveCfg = Debug|Any CPU
		{7d4ea5f6-be37-340c-912d-7228a0ede08c}.Debug|Any CPU.Build.0 = Debug|Any CPU
		{7d4ea5f6-be37-340c-912d-7228a0ede08c}.Release|Any CPU.ActiveCfg = Release|Any CPU
		{7d4ea5f6-be37-340c-912d-7228a0ede08c}.Release|Any CPU.Build.0 = Release|Any CPU
		{46570f38-7aa2-94db-cb65-c55fb0cfeb65}.Debug|Any CPU.ActiveCfg = Debug|Any CPU
		{46570f38-7aa2-94db-cb65-c55fb0cfeb65}.Debug|Any CPU.Build.0 = Debug|Any CPU
		{46570f38-7aa2-94db-cb65-c55fb0cfeb65}.Release|Any CPU.ActiveCfg = Release|Any CPU
		{46570f38-7aa2-94db-cb65-c55fb0cfeb65}.Release|Any CPU.Build.0 = Release|Any CPU
		{ec91b1b8-713c-5611-a31b-de222f314335}.Debug|Any CPU.ActiveCfg = Debug|Any CPU
		{ec91b1b8-713c-5611-a31b-de222f314335}.Debug|Any CPU.Build.0 = Debug|Any CPU
		{ec91b1b8-713c-5611-a31b-de222f314335}.Release|Any CPU.ActiveCfg = Release|Any CPU
		{ec91b1b8-713c-5611-a31b-de222f314335}.Release|Any CPU.Build.0 = Release|Any CPU
		{e94a338a-babe-e77e-64f4-acf283f804c8}.Debug|Any CPU.ActiveCfg = Debug|Any CPU
		{e94a338a-babe-e77e-64f4-acf283f804c8}.Debug|Any CPU.Build.0 = Debug|Any CPU
		{e94a338a-babe-e77e-64f4-acf283f804c8}.Release|Any CPU.ActiveCfg = Release|Any CPU
		{e94a338a-babe-e77e-64f4-acf283f804c8}.Release|Any CPU.Build.0 = Release|Any CPU
		{8491d5a2-25d1-25be-a7da-00644d9fda36}.Debug|Any CPU.ActiveCfg = Debug|Any CPU
		{8491d5a2-25d1-25be-a7da-00644d9fda36}.Debug|Any CPU.Build.0 = Debug|Any CPU
		{8491d5a2-25d1-25be-a7da-00644d9fda36}.Release|Any CPU.ActiveCfg = Release|Any CPU
		{8491d5a2-25d1-25be-a7da-00644d9fda36}.Release|Any CPU.Build.0 = Release|Any CPU
		{c1aae4ee-2dd6-5707-c663-f44d4d75fe40}.Debug|Any CPU.ActiveCfg = Debug|Any CPU
		{c1aae4ee-2dd6-5707-c663-f44d4d75fe40}.Debug|Any CPU.Build.0 = Debug|Any CPU
		{c1aae4ee-2dd6-5707-c663-f44d4d75fe40}.Release|Any CPU.ActiveCfg = Release|Any CPU
		{c1aae4ee-2dd6-5707-c663-f44d4d75fe40}.Release|Any CPU.Build.0 = Release|Any CPU
		{d59b41c2-29d7-f2a5-3425-1057973cc75a}.Debug|Any CPU.ActiveCfg = Debug|Any CPU
		{d59b41c2-29d7-f2a5-3425-1057973cc75a}.Debug|Any CPU.Build.0 = Debug|Any CPU
		{d59b41c2-29d7-f2a5-3425-1057973cc75a}.Release|Any CPU.ActiveCfg = Release|Any CPU
		{d59b41c2-29d7-f2a5-3425-1057973cc75a}.Release|Any CPU.Build.0 = Release|Any CPU
		{303a0bb7-73cd-3281-f9cc-92255a774e0f}.Debug|Any CPU.ActiveCfg = Debug|Any CPU
		{303a0bb7-73cd-3281-f9cc-92255a774e0f}.Debug|Any CPU.Build.0 = Debug|Any CPU
		{303a0bb7-73cd-3281-f9cc-92255a774e0f}.Release|Any CPU.ActiveCfg = Release|Any CPU
		{303a0bb7-73cd-3281-f9cc-92255a774e0f}.Release|Any CPU.Build.0 = Release|Any CPU
		{c2496240-2165-53bc-fb67-cc7add658a81}.Debug|Any CPU.ActiveCfg = Debug|Any CPU
		{c2496240-2165-53bc-fb67-cc7add658a81}.Debug|Any CPU.Build.0 = Debug|Any CPU
		{c2496240-2165-53bc-fb67-cc7add658a81}.Release|Any CPU.ActiveCfg = Release|Any CPU
		{c2496240-2165-53bc-fb67-cc7add658a81}.Release|Any CPU.Build.0 = Release|Any CPU
		{25efc928-1863-596e-3095-9f5491dd0639}.Debug|Any CPU.ActiveCfg = Debug|Any CPU
		{25efc928-1863-596e-3095-9f5491dd0639}.Debug|Any CPU.Build.0 = Debug|Any CPU
		{25efc928-1863-596e-3095-9f5491dd0639}.Release|Any CPU.ActiveCfg = Release|Any CPU
		{25efc928-1863-596e-3095-9f5491dd0639}.Release|Any CPU.Build.0 = Release|Any CPU
		{9daeafea-bbac-61b5-12ea-2fbaa8e469a8}.Debug|Any CPU.ActiveCfg = Debug|Any CPU
		{9daeafea-bbac-61b5-12ea-2fbaa8e469a8}.Debug|Any CPU.Build.0 = Debug|Any CPU
		{9daeafea-bbac-61b5-12ea-2fbaa8e469a8}.Release|Any CPU.ActiveCfg = Release|Any CPU
		{9daeafea-bbac-61b5-12ea-2fbaa8e469a8}.Release|Any CPU.Build.0 = Release|Any CPU
		{f8c279ed-6106-c098-7a69-0c50156a18a3}.Debug|Any CPU.ActiveCfg = Debug|Any CPU
		{f8c279ed-6106-c098-7a69-0c50156a18a3}.Debug|Any CPU.Build.0 = Debug|Any CPU
		{f8c279ed-6106-c098-7a69-0c50156a18a3}.Release|Any CPU.ActiveCfg = Release|Any CPU
		{f8c279ed-6106-c098-7a69-0c50156a18a3}.Release|Any CPU.Build.0 = Release|Any CPU
		{a138d752-9412-bfbd-2a90-03d09307bdb4}.Debug|Any CPU.ActiveCfg = Debug|Any CPU
		{a138d752-9412-bfbd-2a90-03d09307bdb4}.Debug|Any CPU.Build.0 = Debug|Any CPU
		{a138d752-9412-bfbd-2a90-03d09307bdb4}.Release|Any CPU.ActiveCfg = Release|Any CPU
		{a138d752-9412-bfbd-2a90-03d09307bdb4}.Release|Any CPU.Build.0 = Release|Any CPU
		{b2026dff-4975-a575-e90c-419f3e4a3f85}.Debug|Any CPU.ActiveCfg = Debug|Any CPU
		{b2026dff-4975-a575-e90c-419f3e4a3f85}.Debug|Any CPU.Build.0 = Debug|Any CPU
		{b2026dff-4975-a575-e90c-419f3e4a3f85}.Release|Any CPU.ActiveCfg = Release|Any CPU
		{b2026dff-4975-a575-e90c-419f3e4a3f85}.Release|Any CPU.Build.0 = Release|Any CPU
		{34259c0e-6082-c78c-f0e2-3900610fd907}.Debug|Any CPU.ActiveCfg = Debug|Any CPU
		{34259c0e-6082-c78c-f0e2-3900610fd907}.Debug|Any CPU.Build.0 = Debug|Any CPU
		{34259c0e-6082-c78c-f0e2-3900610fd907}.Release|Any CPU.ActiveCfg = Release|Any CPU
		{34259c0e-6082-c78c-f0e2-3900610fd907}.Release|Any CPU.Build.0 = Release|Any CPU
		{980f8717-51e5-5ebf-982b-a4d08e86b069}.Debug|Any CPU.ActiveCfg = Debug|Any CPU
		{980f8717-51e5-5ebf-982b-a4d08e86b069}.Debug|Any CPU.Build.0 = Debug|Any CPU
		{980f8717-51e5-5ebf-982b-a4d08e86b069}.Release|Any CPU.ActiveCfg = Release|Any CPU
		{980f8717-51e5-5ebf-982b-a4d08e86b069}.Release|Any CPU.Build.0 = Release|Any CPU
		{18f8cf4a-6817-1002-d9ab-fd386912c0d0}.Debug|Any CPU.ActiveCfg = Debug|Any CPU
		{18f8cf4a-6817-1002-d9ab-fd386912c0d0}.Debug|Any CPU.Build.0 = Debug|Any CPU
		{18f8cf4a-6817-1002-d9ab-fd386912c0d0}.Release|Any CPU.ActiveCfg = Release|Any CPU
		{18f8cf4a-6817-1002-d9ab-fd386912c0d0}.Release|Any CPU.Build.0 = Release|Any CPU
		{946e9ff6-9901-1f08-511d-2f4d1e951e53}.Debug|Any CPU.ActiveCfg = Debug|Any CPU
		{946e9ff6-9901-1f08-511d-2f4d1e951e53}.Debug|Any CPU.Build.0 = Debug|Any CPU
		{946e9ff6-9901-1f08-511d-2f4d1e951e53}.Release|Any CPU.ActiveCfg = Release|Any CPU
		{946e9ff6-9901-1f08-511d-2f4d1e951e53}.Release|Any CPU.Build.0 = Release|Any CPU
		{b045ee02-68a4-f2d7-72bd-5434f9f52e26}.Debug|Any CPU.ActiveCfg = Debug|Any CPU
		{b045ee02-68a4-f2d7-72bd-5434f9f52e26}.Debug|Any CPU.Build.0 = Debug|Any CPU
		{b045ee02-68a4-f2d7-72bd-5434f9f52e26}.Release|Any CPU.ActiveCfg = Release|Any CPU
		{b045ee02-68a4-f2d7-72bd-5434f9f52e26}.Release|Any CPU.Build.0 = Release|Any CPU
		{52c96922-d154-a5ec-09bc-da1a9793a2c3}.Debug|Any CPU.ActiveCfg = Debug|Any CPU
		{52c96922-d154-a5ec-09bc-da1a9793a2c3}.Debug|Any CPU.Build.0 = Debug|Any CPU
		{52c96922-d154-a5ec-09bc-da1a9793a2c3}.Release|Any CPU.ActiveCfg = Release|Any CPU
		{52c96922-d154-a5ec-09bc-da1a9793a2c3}.Release|Any CPU.Build.0 = Release|Any CPU
		{41ece80f-12c0-9f2b-ca49-37fb852a59c4}.Debug|Any CPU.ActiveCfg = Debug|Any CPU
		{41ece80f-12c0-9f2b-ca49-37fb852a59c4}.Debug|Any CPU.Build.0 = Debug|Any CPU
		{41ece80f-12c0-9f2b-ca49-37fb852a59c4}.Release|Any CPU.ActiveCfg = Release|Any CPU
		{41ece80f-12c0-9f2b-ca49-37fb852a59c4}.Release|Any CPU.Build.0 = Release|Any CPU
		{bbab6d13-1004-62d9-6dde-f5eb112be743}.Debug|Any CPU.ActiveCfg = Debug|Any CPU
		{bbab6d13-1004-62d9-6dde-f5eb112be743}.Debug|Any CPU.Build.0 = Debug|Any CPU
		{bbab6d13-1004-62d9-6dde-f5eb112be743}.Release|Any CPU.ActiveCfg = Release|Any CPU
		{bbab6d13-1004-62d9-6dde-f5eb112be743}.Release|Any CPU.Build.0 = Release|Any CPU
		{83ac4d8c-7eeb-e738-a853-c41460708036}.Debug|Any CPU.ActiveCfg = Debug|Any CPU
		{83ac4d8c-7eeb-e738-a853-c41460708036}.Debug|Any CPU.Build.0 = Debug|Any CPU
		{83ac4d8c-7eeb-e738-a853-c41460708036}.Release|Any CPU.ActiveCfg = Release|Any CPU
		{83ac4d8c-7eeb-e738-a853-c41460708036}.Release|Any CPU.Build.0 = Release|Any CPU
	EndGlobalSection
	GlobalSection(SolutionProperties) = preSolution
		HideSolutionNode = FALSE
	EndGlobalSection
EndGlobal
